
Microsoft Visual Studio Solution File, Format Version 12.00
# Visual Studio Version 17
VisualStudioVersion = 17.5.2.0
MinimumVisualStudioVersion = 10.0.40219.1
Project("{FAE04EC0-301F-11D3-BF4B-00C04F79EFBC}") = "HotPixels", "HotPixels.csproj", "{AA64BA98-0824-2F48-A9B4-9CB21ECFAB4C}"
EndProject
Project("{2150E333-8FDC-42A3-9474-1A3956D46DE8}") = "tests", "tests", "{0AB3BF05-4346-4AA6-1389-037BE0695223}"
EndProject
Project("{FAE04EC0-301F-11D3-BF4B-00C04F79EFBC}") = "HotPixels.Tests", "tests\HotPixels.Tests\HotPixels.Tests.csproj", "{BB6AC503-5CCA-4859-9476-B5D38C77832D}"
EndProject
Global
	GlobalSection(SolutionConfigurationPlatforms) = preSolution
		Debug|Any CPU = Debug|Any CPU
		Debug|x64 = Debug|x64
		Debug|x86 = Debug|x86
		Release|Any CPU = Release|Any CPU
		Release|x64 = Release|x64
		Release|x86 = Release|x86
	EndGlobalSection
	GlobalSection(ProjectConfigurationPlatforms) = postSolution
		{AA64BA98-0824-2F48-A9B4-9CB21ECFAB4C}.Debug|Any CPU.ActiveCfg = Debug|Any CPU
		{AA64BA98-0824-2F48-A9B4-9CB21ECFAB4C}.Debug|Any CPU.Build.0 = Debug|Any CPU
		{AA64BA98-0824-2F48-A9B4-9CB21ECFAB4C}.Debug|x64.ActiveCfg = Debug|Any CPU
		{AA64BA98-0824-2F48-A9B4-9CB21ECFAB4C}.Debug|x64.Build.0 = Debug|Any CPU
		{AA64BA98-0824-2F48-A9B4-9CB21ECFAB4C}.Debug|x86.ActiveCfg = Debug|Any CPU
		{AA64BA98-0824-2F48-A9B4-9CB21ECFAB4C}.Debug|x86.Build.0 = Debug|Any CPU
		{AA64BA98-0824-2F48-A9B4-9CB21ECFAB4C}.Release|Any CPU.ActiveCfg = Release|Any CPU
		{AA64BA98-0824-2F48-A9B4-9CB21ECFAB4C}.Release|Any CPU.Build.0 = Release|Any CPU
		{AA64BA98-0824-2F48-A9B4-9CB21ECFAB4C}.Release|x64.ActiveCfg = Release|Any CPU
		{AA64BA98-0824-2F48-A9B4-9CB21ECFAB4C}.Release|x64.Build.0 = Release|Any CPU
		{AA64BA98-0824-2F48-A9B4-9CB21ECFAB4C}.Release|x86.ActiveCfg = Release|Any CPU
		{AA64BA98-0824-2F48-A9B4-9CB21ECFAB4C}.Release|x86.Build.0 = Release|Any CPU
		{BB6AC503-5CCA-4859-9476-B5D38C77832D}.Debug|Any CPU.ActiveCfg = Debug|Any CPU
		{BB6AC503-5CCA-4859-9476-B5D38C77832D}.Debug|Any CPU.Build.0 = Debug|Any CPU
		{BB6AC503-5CCA-4859-9476-B5D38C77832D}.Debug|x64.ActiveCfg = Debug|Any CPU
		{BB6AC503-5CCA-4859-9476-B5D38C77832D}.Debug|x64.Build.0 = Debug|Any CPU
		{BB6AC503-5CCA-4859-9476-B5D38C77832D}.Debug|x86.ActiveCfg = Debug|Any CPU
		{BB6AC503-5CCA-4859-9476-B5D38C77832D}.Debug|x86.Build.0 = Debug|Any CPU
		{BB6AC503-5CCA-4859-9476-B5D38C77832D}.Release|Any CPU.ActiveCfg = Release|Any CPU
		{BB6AC503-5CCA-4859-9476-B5D38C77832D}.Release|Any CPU.Build.0 = Release|Any CPU
		{BB6AC503-5CCA-4859-9476-B5D38C77832D}.Release|x64.ActiveCfg = Release|Any CPU
		{BB6AC503-5CCA-4859-9476-B5D38C77832D}.Release|x64.Build.0 = Release|Any CPU
		{BB6AC503-5CCA-4859-9476-B5D38C77832D}.Release|x86.ActiveCfg = Release|Any CPU
		{BB6AC503-5CCA-4859-9476-B5D38C77832D}.Release|x86.Build.0 = Release|Any CPU
	EndGlobalSection
	GlobalSection(SolutionProperties) = preSolution
		HideSolutionNode = FALSE
	EndGlobalSection
	GlobalSection(NestedProjects) = preSolution
		{BB6AC503-5CCA-4859-9476-B5D38C77832D} = {0AB3BF05-4346-4AA6-1389-037BE0695223}
	EndGlobalSection
	GlobalSection(ExtensibilityGlobals) = postSolution
		SolutionGuid = {B9AAE24D-3D0C-4081-96B3-9A646658D185}
	EndGlobalSection
EndGlobal
